<?xml version="1.0" encoding="utf-8"?>
<Project ToolsVersion="4.0" xmlns="http://schemas.microsoft.com/developer/msbuild/2003">
  <ItemGroup>
    <ClCompile Include="p2Log.cpp">
      <Filter>Engine\Others</Filter>
    </ClCompile>
    <ClCompile Include="PugiXml\src\pugixml.cpp">
      <Filter>Engine\Tools\PuguiXML</Filter>
    </ClCompile>
    <ClCompile Include="Map.cpp">
      <Filter>Engine\Modules</Filter>
    </ClCompile>
    <ClCompile Include="Audio.cpp">
      <Filter>Engine\Modules</Filter>
    </ClCompile>
    <ClCompile Include="Input.cpp">
      <Filter>Engine\Modules</Filter>
    </ClCompile>
    <ClCompile Include="Pathfinding.cpp">
      <Filter>Engine\Modules</Filter>
    </ClCompile>
    <ClCompile Include="Render.cpp">
      <Filter>Engine\Modules</Filter>
    </ClCompile>
    <ClCompile Include="Textures.cpp">
      <Filter>Engine\Modules</Filter>
    </ClCompile>
    <ClCompile Include="Window.cpp">
      <Filter>Engine\Modules</Filter>
    </ClCompile>
    <ClCompile Include="Main.cpp">
      <Filter>Engine</Filter>
    </ClCompile>
    <ClCompile Include="j1App.cpp">
      <Filter>Engine</Filter>
    </ClCompile>
    <ClCompile Include="SceneManager.cpp">
      <Filter>Engine\Modules</Filter>
    </ClCompile>
    <ClCompile Include="TestingScene.cpp">
      <Filter>Engine\Scenes</Filter>
    </ClCompile>
    <ClCompile Include="PerfTimer.cpp">
      <Filter>Engine\Others</Filter>
    </ClCompile>
    <ClCompile Include="Timer.cpp">
      <Filter>Engine\Others</Filter>
    </ClCompile>
    <ClCompile Include="EntityManager.cpp">
      <Filter>Engine\Modules</Filter>
    </ClCompile>
    <ClCompile Include="Entity.cpp">
      <Filter>Engine\Entities</Filter>
    </ClCompile>
    <ClCompile Include="StaticEntity.cpp">
      <Filter>Engine\Entities</Filter>
    </ClCompile>
    <ClCompile Include="DynamicEntity.cpp">
      <Filter>Engine\Entities</Filter>
    </ClCompile>
    <ClCompile Include="Deck.cpp">
      <Filter>Engine\Others</Filter>
    </ClCompile>
    <ClCompile Include="CardManager.cpp">
      <Filter>Engine\Modules</Filter>
    </ClCompile>
    <ClCompile Include="TransitionManager.cpp">
      <Filter>Engine\Modules</Filter>
    </ClCompile>
    <ClCompile Include="GameManager.cpp">
      <Filter>Engine\Modules</Filter>
    </ClCompile>
    <ClCompile Include="Color.cpp">
      <Filter>Engine\Others</Filter>
    </ClCompile>
    <ClCompile Include="UIAnimatedImage.cpp">
      <Filter>Engine\UI</Filter>
    </ClCompile>
    <ClCompile Include="UIButton.cpp">
      <Filter>Engine\UI</Filter>
    </ClCompile>
    <ClCompile Include="UIElement.cpp">
      <Filter>Engine\UI</Filter>
    </ClCompile>
    <ClCompile Include="UIImage.cpp">
      <Filter>Engine\UI</Filter>
    </ClCompile>
    <ClCompile Include="UILabel.cpp">
      <Filter>Engine\UI</Filter>
    </ClCompile>
    <ClCompile Include="UIScrollBar.cpp">
      <Filter>Engine\UI</Filter>
    </ClCompile>
    <ClCompile Include="GUI.cpp">
      <Filter>Engine\Modules</Filter>
    </ClCompile>
    <ClCompile Include="Fonts.cpp">
      <Filter>Engine\Modules</Filter>
    </ClCompile>
    <ClCompile Include="UIBar.cpp">
      <Filter>Engine\UI</Filter>
    </ClCompile>
    <ClCompile Include="Buff.cpp">
      <Filter>Engine\Others</Filter>
    </ClCompile>
    <ClCompile Include="Stat.cpp">
      <Filter>Engine\Others</Filter>
    </ClCompile>
    <ClCompile Include="BuffSourceManager.cpp">
      <Filter>Engine\Modules</Filter>
    </ClCompile>
    <ClCompile Include="Transition.cpp">
      <Filter>Engine\Transitions</Filter>
    </ClCompile>
    <ClCompile Include="Zoom.cpp">
      <Filter>Engine\Transitions</Filter>
    </ClCompile>
    <ClCompile Include="Fade.cpp">
      <Filter>Engine\Transitions</Filter>
    </ClCompile>
    <ClCompile Include="CameraTranslation.cpp">
      <Filter>Engine\Transitions</Filter>
    </ClCompile>
    <ClCompile Include="Core.cpp">
      <Filter>Engine\Entities</Filter>
    </ClCompile>
  </ItemGroup>
  <ItemGroup>
    <ClInclude Include="p2Defs.h">
      <Filter>Engine\Others</Filter>
    </ClInclude>
    <ClInclude Include="p2Log.h">
      <Filter>Engine\Others</Filter>
    </ClInclude>
    <ClInclude Include="p2Point.h">
      <Filter>Engine\Others</Filter>
    </ClInclude>
    <ClInclude Include="PugiXml\src\pugiconfig.hpp">
      <Filter>Engine\Tools\PuguiXML</Filter>
    </ClInclude>
    <ClInclude Include="PugiXml\src\pugixml.hpp">
      <Filter>Engine\Tools\PuguiXML</Filter>
    </ClInclude>
    <ClInclude Include="Map.h">
      <Filter>Engine\Modules</Filter>
    </ClInclude>
    <ClInclude Include="Audio.h">
      <Filter>Engine\Modules</Filter>
    </ClInclude>
    <ClInclude Include="Input.h">
      <Filter>Engine\Modules</Filter>
    </ClInclude>
    <ClInclude Include="Pathfinding.h">
      <Filter>Engine\Modules</Filter>
    </ClInclude>
    <ClInclude Include="Render.h">
      <Filter>Engine\Modules</Filter>
    </ClInclude>
    <ClInclude Include="Textures.h">
      <Filter>Engine\Modules</Filter>
    </ClInclude>
    <ClInclude Include="Window.h">
      <Filter>Engine\Modules</Filter>
    </ClInclude>
    <ClInclude Include="Scene.h">
      <Filter>Engine\Scenes</Filter>
    </ClInclude>
    <ClInclude Include="Module.h">
      <Filter>Engine</Filter>
    </ClInclude>
    <ClInclude Include="j1App.h">
      <Filter>Engine</Filter>
    </ClInclude>
    <ClInclude Include="SceneManager.h">
      <Filter>Engine\Modules</Filter>
    </ClInclude>
    <ClInclude Include="TestingScene.h">
      <Filter>Engine\Scenes</Filter>
    </ClInclude>
    <ClInclude Include="PerfTimer.h">
      <Filter>Engine\Others</Filter>
    </ClInclude>
    <ClInclude Include="Timer.h">
      <Filter>Engine\Others</Filter>
    </ClInclude>
    <ClInclude Include="EntityManager.h">
      <Filter>Engine\Modules</Filter>
    </ClInclude>
    <ClInclude Include="Entity.h">
      <Filter>Engine\Entities</Filter>
    </ClInclude>
    <ClInclude Include="Animation.h">
      <Filter>Engine\Others</Filter>
    </ClInclude>
    <ClInclude Include="StaticEntity.h">
      <Filter>Engine\Entities</Filter>
    </ClInclude>
    <ClInclude Include="DynamicEntity.h">
      <Filter>Engine\Entities</Filter>
    </ClInclude>
    <ClInclude Include="Deck.h">
      <Filter>Engine\Others</Filter>
    </ClInclude>
    <ClInclude Include="CardManager.h">
      <Filter>Engine\Modules</Filter>
    </ClInclude>
    <ClInclude Include="TransitionManager.h">
      <Filter>Engine\Modules</Filter>
    </ClInclude>
    <ClInclude Include="Color.h">
      <Filter>Engine\Others</Filter>
    </ClInclude>
    <ClInclude Include="GameManager.h">
      <Filter>Engine\Modules</Filter>
    </ClInclude>
    <ClInclude Include="UIAnimatedImage.h">
      <Filter>Engine\UI</Filter>
    </ClInclude>
    <ClInclude Include="UIButton.h">
      <Filter>Engine\UI</Filter>
    </ClInclude>
    <ClInclude Include="UIElement.h">
      <Filter>Engine\UI</Filter>
    </ClInclude>
    <ClInclude Include="UIImage.h">
      <Filter>Engine\UI</Filter>
    </ClInclude>
    <ClInclude Include="UILabel.h">
      <Filter>Engine\UI</Filter>
    </ClInclude>
    <ClInclude Include="UIScrollBar.h">
      <Filter>Engine\UI</Filter>
    </ClInclude>
    <ClInclude Include="GUI.h">
      <Filter>Engine\Modules</Filter>
    </ClInclude>
    <ClInclude Include="Fonts.h">
      <Filter>Engine\Modules</Filter>
    </ClInclude>
    <ClInclude Include="UIBar.h">
      <Filter>Engine\UI</Filter>
    </ClInclude>
    <ClInclude Include="Buff.h">
      <Filter>Engine\Others</Filter>
    </ClInclude>
    <ClInclude Include="Stat.h">
      <Filter>Engine\Others</Filter>
    </ClInclude>
    <ClInclude Include="BuffSourceManager.h">
      <Filter>Engine\Modules</Filter>
    </ClInclude>
    <ClInclude Include="Transition.h">
      <Filter>Engine\Transitions</Filter>
    </ClInclude>
    <ClInclude Include="Zoom.h">
      <Filter>Engine\Transitions</Filter>
    </ClInclude>
    <ClInclude Include="Fade.h">
      <Filter>Engine\Transitions</Filter>
    </ClInclude>
    <ClInclude Include="CameraTranslation.h">
      <Filter>Engine\Transitions</Filter>
    </ClInclude>
    <ClInclude Include="Core.h">
      <Filter>Engine\Entities</Filter>
    </ClInclude>
  </ItemGroup>
  <ItemGroup>
    <Filter Include="Engine">
      <UniqueIdentifier>{cb944693-b9d0-484c-bad2-02d5a7cdbec6}</UniqueIdentifier>
    </Filter>
    <Filter Include="Engine\Tools">
      <UniqueIdentifier>{42c748be-4a37-49de-970f-5be811d06b38}</UniqueIdentifier>
    </Filter>
    <Filter Include="Engine\Tools\PuguiXML">
      <UniqueIdentifier>{7cb78d67-17cc-45eb-af97-e2106becce7b}</UniqueIdentifier>
    </Filter>
    <Filter Include="Engine\Scenes">
      <UniqueIdentifier>{e07660eb-d36f-4cc9-af59-324d31c2f2f6}</UniqueIdentifier>
    </Filter>
    <Filter Include="Engine\Modules">
      <UniqueIdentifier>{244722d1-90ce-423d-8e7a-556211865a32}</UniqueIdentifier>
    </Filter>
    <Filter Include="Engine\Entities">
      <UniqueIdentifier>{338e006b-c57e-4409-84f8-1710e6559e51}</UniqueIdentifier>
    </Filter>
    <Filter Include="Engine\Others">
      <UniqueIdentifier>{a8bfab6a-5472-4969-943e-861a8b493f08}</UniqueIdentifier>
    </Filter>
    <Filter Include="Engine\UI">
      <UniqueIdentifier>{0c1a3d65-12ba-4279-a61c-87d5af448eed}</UniqueIdentifier>
    </Filter>
    <Filter Include="Engine\Transitions">
      <UniqueIdentifier>{c28106c4-fa11-42a3-a3b1-7e4c15fe8610}</UniqueIdentifier>
    </Filter>
  </ItemGroup>
</Project>