<?xml version="1.0" encoding="utf-8"?>
<Project ToolsVersion="4.0" xmlns="http://schemas.microsoft.com/developer/msbuild/2003">
  <ItemGroup>
    <ClCompile Include="Buff.cpp" />
    <ClCompile Include="BuffSourceManager.cpp" />
    <ClCompile Include="CameraTranslation.cpp" />
    <ClCompile Include="CardManager.cpp" />
    <ClCompile Include="Color.cpp" />
    <ClCompile Include="Core.cpp" />
    <ClCompile Include="Deck.cpp" />
    <ClCompile Include="DynamicEntity.cpp" />
    <ClCompile Include="EncounterNode.cpp" />
    <ClCompile Include="EncounterTree.cpp" />
    <ClCompile Include="Entity.cpp" />
    <ClCompile Include="EntityManager.cpp" />
    <ClCompile Include="Fonts.cpp" />
    <ClCompile Include="Fade.cpp" />
    <ClCompile Include="GameManager.cpp" />
    <ClCompile Include="GUI.cpp" />
    <ClCompile Include="Main.cpp" />
    <ClCompile Include="j1App.cpp" />
    <ClCompile Include="Audio.cpp" />
    <ClCompile Include="Input.cpp" />
    <ClCompile Include="Map.cpp" />
    <ClCompile Include="Pathfinding.cpp" />
    <ClCompile Include="p2Log.cpp" />
    <ClCompile Include="PerfTimer.cpp" />
    <ClCompile Include="Render.cpp" />
    <ClCompile Include="SceneManager.cpp" />
    <ClCompile Include="Stat.cpp" />
    <ClCompile Include="StaticEntity.cpp" />
    <ClCompile Include="StrategyBuilding.cpp" />
    <ClCompile Include="StrategyMap.cpp" />
    <ClCompile Include="TestingScene.cpp" />
    <ClCompile Include="Textures.cpp" />
    <ClCompile Include="Timer.cpp" />
    <ClCompile Include="Transition.cpp" />
    <ClCompile Include="TransitionManager.cpp" />
    <ClCompile Include="UIAnimatedImage.cpp" />
    <ClCompile Include="UIBar.cpp" />
    <ClCompile Include="UIButton.cpp" />
    <ClCompile Include="UIElement.cpp" />
    <ClCompile Include="UIImage.cpp" />
    <ClCompile Include="UILabel.cpp" />
    <ClCompile Include="UIScrollBar.cpp" />
    <ClCompile Include="Window.cpp" />
    <ClCompile Include="PugiXml\src\pugixml.cpp" />
    <ClCompile Include="Zoom.cpp" />
  </ItemGroup>
  <ItemGroup>
    <ClInclude Include="Buff.h" />
    <ClInclude Include="BuffSourceManager.h" />
    <ClInclude Include="CameraTranslation.h" />
    <ClInclude Include="CardManager.h" />
    <ClInclude Include="Color.h" />
    <ClInclude Include="Core.h" />
    <ClInclude Include="Deck.h" />
    <ClInclude Include="DynamicEntity.h" />
    <ClInclude Include="EncounterNode.h" />
    <ClInclude Include="EncounterTree.h" />
    <ClInclude Include="Entity.h" />
    <ClInclude Include="EntityManager.h" />
    <ClInclude Include="Animation.h" />
    <ClInclude Include="Fonts.h" />
    <ClInclude Include="Fade.h" />
    <ClInclude Include="GameManager.h" />
    <ClInclude Include="GUI.h" />
    <ClInclude Include="Map.h" />
    <ClInclude Include="Pathfinding.h" />
    <ClInclude Include="PerfTimer.h" />
    <ClInclude Include="Scene.h" />
    <ClInclude Include="Audio.h" />
    <ClInclude Include="Input.h" />
    <ClInclude Include="p2Log.h" />
    <ClInclude Include="j1App.h" />
    <ClInclude Include="p2Defs.h" />
    <ClInclude Include="Module.h" />
    <ClInclude Include="p2Point.h" />
    <ClInclude Include="Render.h" />
    <ClInclude Include="SceneManager.h" />
    <ClInclude Include="Stat.h" />
    <ClInclude Include="StaticEntity.h" />
    <ClInclude Include="StrategyBuilding.h" />
    <ClInclude Include="StrategyMap.h" />
    <ClInclude Include="TestingScene.h" />
    <ClInclude Include="Textures.h" />
    <ClInclude Include="Timer.h" />
    <ClInclude Include="Transition.h" />
    <ClInclude Include="TransitionManager.h" />
    <ClInclude Include="UIAnimatedImage.h" />
    <ClInclude Include="UIBar.h" />
    <ClInclude Include="UIButton.h" />
    <ClInclude Include="UIElement.h" />
    <ClInclude Include="UIImage.h" />
    <ClInclude Include="UILabel.h" />
    <ClInclude Include="UIScrollBar.h" />
    <ClInclude Include="Window.h" />
    <ClInclude Include="PugiXml\src\pugiconfig.hpp" />
    <ClInclude Include="PugiXml\src\pugixml.hpp" />
    <ClInclude Include="Zoom.h" />
  </ItemGroup>
</Project>